// !$*UTF8*$!
{
	archiveVersion = 1;
	classes = {
	};
	objectVersion = 77;
	objects = {

/* Begin PBXBuildFile section */
		1B2718BA2E4EAE4E00C85ABB /* Sparkle in Frameworks */ = {isa = PBXBuildFile; productRef = 1B2718B92E4EAE4E00C85ABB /* Sparkle */; };
		1B271BBB2E58A86900C85ABB /* ArgumentParser in Frameworks */ = {isa = PBXBuildFile; productRef = 1B271BBA2E58A86900C85ABB /* ArgumentParser */; };
		1B271BC02E59167400C85ABB /* intunelogwatch-cli in CopyFiles */ = {isa = PBXBuildFile; fileRef = 1B271BAC2E58A78500C85ABB /* intunelogwatch-cli */; settings = {ATTRIBUTES = (CodeSignOnCopy, ); }; };
		1B35FC5F2EDD0A0200F4EE46 /* Quartz.framework in Frameworks */ = {isa = PBXBuildFile; fileRef = 1B35FC5E2EDD0A0200F4EE46 /* Quartz.framework */; };
		1B35FC6C2EDD0A0200F4EE46 /* IntuneLogWatchQuickLook.appex in Embed Foundation Extensions */ = {isa = PBXBuildFile; fileRef = 1B35FC5C2EDD0A0200F4EE46 /* IntuneLogWatchQuickLook.appex */; settings = {ATTRIBUTES = (RemoveHeadersOnCopy, ); }; };
/* End PBXBuildFile section */

/* Begin PBXContainerItemProxy section */
		1B271BBD2E58EB0A00C85ABB /* PBXContainerItemProxy */ = {
			isa = PBXContainerItemProxy;
			containerPortal = 1B02C13C2E4A9FDD0085B8CB /* Project object */;
			proxyType = 1;
			remoteGlobalIDString = 1B271BAB2E58A78500C85ABB;
			remoteInfo = "intunelogwatch-cli";
		};
		1B35FC6A2EDD0A0200F4EE46 /* PBXContainerItemProxy */ = {
			isa = PBXContainerItemProxy;
			containerPortal = 1B02C13C2E4A9FDD0085B8CB /* Project object */;
			proxyType = 1;
			remoteGlobalIDString = 1B35FC5B2EDD0A0200F4EE46;
			remoteInfo = IntuneLogWatchQuickLook;
		};
/* End PBXContainerItemProxy section */

/* Begin PBXCopyFilesBuildPhase section */
		1B271BBF2E59165300C85ABB /* CopyFiles */ = {
			isa = PBXCopyFilesBuildPhase;
			buildActionMask = 2147483647;
			dstPath = "";
			dstSubfolderSpec = 6;
			files = (
				1B271BC02E59167400C85ABB /* intunelogwatch-cli in CopyFiles */,
			);
			runOnlyForDeploymentPostprocessing = 0;
		};
		1B35FC712EDD0A0200F4EE46 /* Embed Foundation Extensions */ = {
			isa = PBXCopyFilesBuildPhase;
			buildActionMask = 2147483647;
			dstPath = "";
			dstSubfolderSpec = 13;
			files = (
				1B35FC6C2EDD0A0200F4EE46 /* IntuneLogWatchQuickLook.appex in Embed Foundation Extensions */,
			);
			name = "Embed Foundation Extensions";
			runOnlyForDeploymentPostprocessing = 0;
		};
/* End PBXCopyFilesBuildPhase section */

/* Begin PBXFileReference section */
		1B02C1442E4A9FDD0085B8CB /* IntuneLogWatch.app */ = {isa = PBXFileReference; explicitFileType = wrapper.application; includeInIndex = 0; path = IntuneLogWatch.app; sourceTree = BUILT_PRODUCTS_DIR; };
		1B271BAC2E58A78500C85ABB /* intunelogwatch-cli */ = {isa = PBXFileReference; explicitFileType = "compiled.mach-o.executable"; includeInIndex = 0; path = "intunelogwatch-cli"; sourceTree = BUILT_PRODUCTS_DIR; };
		1B35FC5C2EDD0A0200F4EE46 /* IntuneLogWatchQuickLook.appex */ = {isa = PBXFileReference; explicitFileType = "wrapper.app-extension"; includeInIndex = 0; path = IntuneLogWatchQuickLook.appex; sourceTree = BUILT_PRODUCTS_DIR; };
		1B35FC5E2EDD0A0200F4EE46 /* Quartz.framework */ = {isa = PBXFileReference; lastKnownFileType = wrapper.framework; name = Quartz.framework; path = System/Library/Frameworks/Quartz.framework; sourceTree = SDKROOT; };
/* End PBXFileReference section */

/* Begin PBXFileSystemSynchronizedBuildFileExceptionSet section */
		1B02C1602E4AAF410085B8CB /* Exceptions for "IntuneLogWatch" folder in "IntuneLogWatch" target */ = {
			isa = PBXFileSystemSynchronizedBuildFileExceptionSet;
			membershipExceptions = (
				AppDelegate.swift,
				Icon/IntuneLogWatch_16.png,
				Icon/IntuneLogWatch_16x2.png,
				Icon/IntuneLogWatch_32.png,
				Icon/IntuneLogWatch_32x2.png,
				Icon/IntuneLogWatch_128.png,
				Icon/IntuneLogWatch_128x2.png,
				Icon/IntuneLogWatch_256.png,
				Icon/IntuneLogWatch_256x2.png,
				Icon/IntuneLogWatch_512.png,
				Icon/IntuneLogWatch_512x2.png,
				Info.plist,
			);
			target = 1B02C1432E4A9FDD0085B8CB /* IntuneLogWatch */;
		};
		1B271BB52E58A79800C85ABB /* Exceptions for "CLI" folder in "intunelogwatch-cli" target */ = {
			isa = PBXFileSystemSynchronizedBuildFileExceptionSet;
			membershipExceptions = (
				main.swift,
			);
			target = 1B271BAB2E58A78500C85ABB /* intunelogwatch-cli */;
		};
		1B271BB72E58A79F00C85ABB /* Exceptions for "IntuneLogWatch" folder in "intunelogwatch-cli" target */ = {
			isa = PBXFileSystemSynchronizedBuildFileExceptionSet;
			membershipExceptions = (
				CertificateInspector.swift,
				Models.swift,
			);
			target = 1B271BAB2E58A78500C85ABB /* intunelogwatch-cli */;
		};
		1B35FC702EDD0A0200F4EE46 /* Exceptions for "IntuneLogWatchQuickLook" folder in "IntuneLogWatchQuickLook" target */ = {
			isa = PBXFileSystemSynchronizedBuildFileExceptionSet;
			membershipExceptions = (
				Info.plist,
			);
			target = 1B35FC5B2EDD0A0200F4EE46 /* IntuneLogWatchQuickLook */;
		};
		1B35FC812EDD379500F4EE46 /* Exceptions for "IntuneLogWatch" folder in "IntuneLogWatchQuickLook" target */ = {
			isa = PBXFileSystemSynchronizedBuildFileExceptionSet;
			membershipExceptions = (
				AllLogEntriesView.swift,
				AppIconHelper.swift,
				AppIconProvider.swift,
				AppVersionInformationView.swift,
				AppVersionProvider.swift,
				CertificateInspectionView.swift,
				CertificateInspector.swift,
				ClipLibrary.swift,
				ClipLibraryView.swift,
				ErrorCodeDetailView.swift,
				ErrorCodesReferenceViewSimple.swift,
				IntuneErrorCodes.swift,
				IntuneLogWatchApp.swift,
				LogEntryDetailView.swift,
				LogParser.swift,
				Models.swift,
				PackageInspectorHelper.swift,
				PolicyDetailView.swift,
				PolicyExportHelper.swift,
				SyncEventDetailView.swift,
				TooltipView.swift,
				ViewController.swift,
			);
			target = 1B35FC5B2EDD0A0200F4EE46 /* IntuneLogWatchQuickLook */;
		};
/* End PBXFileSystemSynchronizedBuildFileExceptionSet section */

/* Begin PBXFileSystemSynchronizedRootGroup section */
		1B02C1462E4A9FDD0085B8CB /* IntuneLogWatch */ = {
			isa = PBXFileSystemSynchronizedRootGroup;
			exceptions = (
				1B02C1602E4AAF410085B8CB /* Exceptions for "IntuneLogWatch" folder in "IntuneLogWatch" target */,
				1B271BB72E58A79F00C85ABB /* Exceptions for "IntuneLogWatch" folder in "intunelogwatch-cli" target */,
				1B35FC812EDD379500F4EE46 /* Exceptions for "IntuneLogWatch" folder in "IntuneLogWatchQuickLook" target */,
			);
			path = IntuneLogWatch;
			sourceTree = "<group>";
		};
		1B271BA72E58A74900C85ABB /* CLI */ = {
			isa = PBXFileSystemSynchronizedRootGroup;
			exceptions = (
				1B271BB52E58A79800C85ABB /* Exceptions for "CLI" folder in "intunelogwatch-cli" target */,
			);
			path = CLI;
			sourceTree = "<group>";
		};
		1B35FC602EDD0A0200F4EE46 /* IntuneLogWatchQuickLook */ = {
			isa = PBXFileSystemSynchronizedRootGroup;
			exceptions = (
				1B35FC702EDD0A0200F4EE46 /* Exceptions for "IntuneLogWatchQuickLook" folder in "IntuneLogWatchQuickLook" target */,
			);
			path = IntuneLogWatchQuickLook;
			sourceTree = "<group>";
		};
/* End PBXFileSystemSynchronizedRootGroup section */

/* Begin PBXFrameworksBuildPhase section */
		1B02C1412E4A9FDD0085B8CB /* Frameworks */ = {
			isa = PBXFrameworksBuildPhase;
			buildActionMask = 2147483647;
			files = (
				1B2718BA2E4EAE4E00C85ABB /* Sparkle in Frameworks */,
			);
			runOnlyForDeploymentPostprocessing = 0;
		};
		1B271BA92E58A78500C85ABB /* Frameworks */ = {
			isa = PBXFrameworksBuildPhase;
			buildActionMask = 2147483647;
			files = (
				1B271BBB2E58A86900C85ABB /* ArgumentParser in Frameworks */,
			);
			runOnlyForDeploymentPostprocessing = 0;
		};
		1B35FC592EDD0A0200F4EE46 /* Frameworks */ = {
			isa = PBXFrameworksBuildPhase;
			buildActionMask = 2147483647;
			files = (
				1B35FC5F2EDD0A0200F4EE46 /* Quartz.framework in Frameworks */,
			);
			runOnlyForDeploymentPostprocessing = 0;
		};
/* End PBXFrameworksBuildPhase section */

/* Begin PBXGroup section */
		1B02C13B2E4A9FDD0085B8CB = {
			isa = PBXGroup;
			children = (
				1B02C1462E4A9FDD0085B8CB /* IntuneLogWatch */,
				1B271BA72E58A74900C85ABB /* CLI */,
				1B35FC602EDD0A0200F4EE46 /* IntuneLogWatchQuickLook */,
				1B35FC5D2EDD0A0200F4EE46 /* Frameworks */,
				1B02C1452E4A9FDD0085B8CB /* Products */,
			);
			sourceTree = "<group>";
		};
		1B02C1452E4A9FDD0085B8CB /* Products */ = {
			isa = PBXGroup;
			children = (
				1B02C1442E4A9FDD0085B8CB /* IntuneLogWatch.app */,
				1B271BAC2E58A78500C85ABB /* intunelogwatch-cli */,
				1B35FC5C2EDD0A0200F4EE46 /* IntuneLogWatchQuickLook.appex */,
			);
			name = Products;
			sourceTree = "<group>";
		};
		1B35FC5D2EDD0A0200F4EE46 /* Frameworks */ = {
			isa = PBXGroup;
			children = (
				1B35FC5E2EDD0A0200F4EE46 /* Quartz.framework */,
			);
			name = Frameworks;
			sourceTree = "<group>";
		};
/* End PBXGroup section */

/* Begin PBXNativeTarget section */
		1B02C1432E4A9FDD0085B8CB /* IntuneLogWatch */ = {
			isa = PBXNativeTarget;
			buildConfigurationList = 1B02C1532E4A9FDF0085B8CB /* Build configuration list for PBXNativeTarget "IntuneLogWatch" */;
			buildPhases = (
				1B02C1402E4A9FDD0085B8CB /* Sources */,
				1B02C1412E4A9FDD0085B8CB /* Frameworks */,
				1B02C1422E4A9FDD0085B8CB /* Resources */,
				1B271BBF2E59165300C85ABB /* CopyFiles */,
				1B35FC712EDD0A0200F4EE46 /* Embed Foundation Extensions */,
			);
			buildRules = (
			);
			dependencies = (
				1B271BBE2E58EB0A00C85ABB /* PBXTargetDependency */,
				1B35FC6B2EDD0A0200F4EE46 /* PBXTargetDependency */,
			);
			fileSystemSynchronizedGroups = (
				1B02C1462E4A9FDD0085B8CB /* IntuneLogWatch */,
			);
			name = IntuneLogWatch;
			packageProductDependencies = (
				1B2718B92E4EAE4E00C85ABB /* Sparkle */,
			);
			productName = IntuneLogWatch;
			productReference = 1B02C1442E4A9FDD0085B8CB /* IntuneLogWatch.app */;
			productType = "com.apple.product-type.application";
		};
		1B271BAB2E58A78500C85ABB /* intunelogwatch-cli */ = {
			isa = PBXNativeTarget;
			buildConfigurationList = 1B271BB02E58A78500C85ABB /* Build configuration list for PBXNativeTarget "intunelogwatch-cli" */;
			buildPhases = (
				1B271BA82E58A78500C85ABB /* Sources */,
				1B271BA92E58A78500C85ABB /* Frameworks */,
			);
			buildRules = (
			);
			dependencies = (
			);
			name = "intunelogwatch-cli";
			packageProductDependencies = (
				1B271BBA2E58A86900C85ABB /* ArgumentParser */,
			);
			productName = "intunelogwatch-cli";
			productReference = 1B271BAC2E58A78500C85ABB /* intunelogwatch-cli */;
			productType = "com.apple.product-type.tool";
		};
		1B35FC5B2EDD0A0200F4EE46 /* IntuneLogWatchQuickLook */ = {
			isa = PBXNativeTarget;
			buildConfigurationList = 1B35FC6D2EDD0A0200F4EE46 /* Build configuration list for PBXNativeTarget "IntuneLogWatchQuickLook" */;
			buildPhases = (
				1B35FC582EDD0A0200F4EE46 /* Sources */,
				1B35FC592EDD0A0200F4EE46 /* Frameworks */,
				1B35FC5A2EDD0A0200F4EE46 /* Resources */,
			);
			buildRules = (
			);
			dependencies = (
			);
			fileSystemSynchronizedGroups = (
				1B35FC602EDD0A0200F4EE46 /* IntuneLogWatchQuickLook */,
			);
			name = IntuneLogWatchQuickLook;
			packageProductDependencies = (
			);
			productName = IntuneLogWatchQuickLook;
			productReference = 1B35FC5C2EDD0A0200F4EE46 /* IntuneLogWatchQuickLook.appex */;
			productType = "com.apple.product-type.app-extension";
		};
/* End PBXNativeTarget section */

/* Begin PBXProject section */
		1B02C13C2E4A9FDD0085B8CB /* Project object */ = {
			isa = PBXProject;
			attributes = {
				BuildIndependentTargetsInParallel = 1;
				LastSwiftUpdateCheck = 1640;
				LastUpgradeCheck = 1640;
				TargetAttributes = {
					1B02C1432E4A9FDD0085B8CB = {
						CreatedOnToolsVersion = 16.2;
					};
					1B271BAB2E58A78500C85ABB = {
						CreatedOnToolsVersion = 16.2;
					};
					1B35FC5B2EDD0A0200F4EE46 = {
						CreatedOnToolsVersion = 16.4;
					};
				};
			};
			buildConfigurationList = 1B02C13F2E4A9FDD0085B8CB /* Build configuration list for PBXProject "IntuneLogWatch" */;
			developmentRegion = en;
			hasScannedForEncodings = 0;
			knownRegions = (
				en,
				Base,
			);
			mainGroup = 1B02C13B2E4A9FDD0085B8CB;
			minimizedProjectReferenceProxies = 1;
			packageReferences = (
				1B2718B82E4EAE4E00C85ABB /* XCRemoteSwiftPackageReference "Sparkle" */,
				1B271BB92E58A86900C85ABB /* XCRemoteSwiftPackageReference "swift-argument-parser" */,
			);
			preferredProjectObjectVersion = 77;
			productRefGroup = 1B02C1452E4A9FDD0085B8CB /* Products */;
			projectDirPath = "";
			projectRoot = "";
			targets = (
				1B02C1432E4A9FDD0085B8CB /* IntuneLogWatch */,
				1B271BAB2E58A78500C85ABB /* intunelogwatch-cli */,
				1B35FC5B2EDD0A0200F4EE46 /* IntuneLogWatchQuickLook */,
			);
		};
/* End PBXProject section */

/* Begin PBXResourcesBuildPhase section */
		1B02C1422E4A9FDD0085B8CB /* Resources */ = {
			isa = PBXResourcesBuildPhase;
			buildActionMask = 2147483647;
			files = (
			);
			runOnlyForDeploymentPostprocessing = 0;
		};
		1B35FC5A2EDD0A0200F4EE46 /* Resources */ = {
			isa = PBXResourcesBuildPhase;
			buildActionMask = 2147483647;
			files = (
			);
			runOnlyForDeploymentPostprocessing = 0;
		};
/* End PBXResourcesBuildPhase section */

/* Begin PBXSourcesBuildPhase section */
		1B02C1402E4A9FDD0085B8CB /* Sources */ = {
			isa = PBXSourcesBuildPhase;
			buildActionMask = 2147483647;
			files = (
			);
			runOnlyForDeploymentPostprocessing = 0;
		};
		1B271BA82E58A78500C85ABB /* Sources */ = {
			isa = PBXSourcesBuildPhase;
			buildActionMask = 2147483647;
			files = (
			);
			runOnlyForDeploymentPostprocessing = 0;
		};
		1B35FC582EDD0A0200F4EE46 /* Sources */ = {
			isa = PBXSourcesBuildPhase;
			buildActionMask = 2147483647;
			files = (
			);
			runOnlyForDeploymentPostprocessing = 0;
		};
/* End PBXSourcesBuildPhase section */

/* Begin PBXTargetDependency section */
		1B271BBE2E58EB0A00C85ABB /* PBXTargetDependency */ = {
			isa = PBXTargetDependency;
			target = 1B271BAB2E58A78500C85ABB /* intunelogwatch-cli */;
			targetProxy = 1B271BBD2E58EB0A00C85ABB /* PBXContainerItemProxy */;
		};
		1B35FC6B2EDD0A0200F4EE46 /* PBXTargetDependency */ = {
			isa = PBXTargetDependency;
			target = 1B35FC5B2EDD0A0200F4EE46 /* IntuneLogWatchQuickLook */;
			targetProxy = 1B35FC6A2EDD0A0200F4EE46 /* PBXContainerItemProxy */;
		};
/* End PBXTargetDependency section */

/* Begin XCBuildConfiguration section */
		1B02C1512E4A9FDF0085B8CB /* Debug */ = {
			isa = XCBuildConfiguration;
			buildSettings = {
				ALWAYS_SEARCH_USER_PATHS = NO;
				ASSETCATALOG_COMPILER_GENERATE_SWIFT_ASSET_SYMBOL_EXTENSIONS = YES;
				CLANG_ANALYZER_NONNULL = YES;
				CLANG_ANALYZER_NUMBER_OBJECT_CONVERSION = YES_AGGRESSIVE;
				CLANG_CXX_LANGUAGE_STANDARD = "gnu++20";
				CLANG_ENABLE_MODULES = YES;
				CLANG_ENABLE_OBJC_ARC = YES;
				CLANG_ENABLE_OBJC_WEAK = YES;
				CLANG_WARN_BLOCK_CAPTURE_AUTORELEASING = YES;
				CLANG_WARN_BOOL_CONVERSION = YES;
				CLANG_WARN_COMMA = YES;
				CLANG_WARN_CONSTANT_CONVERSION = YES;
				CLANG_WARN_DEPRECATED_OBJC_IMPLEMENTATIONS = YES;
				CLANG_WARN_DIRECT_OBJC_ISA_USAGE = YES_ERROR;
				CLANG_WARN_DOCUMENTATION_COMMENTS = YES;
				CLANG_WARN_EMPTY_BODY = YES;
				CLANG_WARN_ENUM_CONVERSION = YES;
				CLANG_WARN_INFINITE_RECURSION = YES;
				CLANG_WARN_INT_CONVERSION = YES;
				CLANG_WARN_NON_LITERAL_NULL_CONVERSION = YES;
				CLANG_WARN_OBJC_IMPLICIT_RETAIN_SELF = YES;
				CLANG_WARN_OBJC_LITERAL_CONVERSION = YES;
				CLANG_WARN_OBJC_ROOT_CLASS = YES_ERROR;
				CLANG_WARN_QUOTED_INCLUDE_IN_FRAMEWORK_HEADER = YES;
				CLANG_WARN_RANGE_LOOP_ANALYSIS = YES;
				CLANG_WARN_STRICT_PROTOTYPES = YES;
				CLANG_WARN_SUSPICIOUS_MOVE = YES;
				CLANG_WARN_UNGUARDED_AVAILABILITY = YES_AGGRESSIVE;
				CLANG_WARN_UNREACHABLE_CODE = YES;
				CLANG_WARN__DUPLICATE_METHOD_MATCH = YES;
				COPY_PHASE_STRIP = NO;
				DEAD_CODE_STRIPPING = YES;
				DEBUG_INFORMATION_FORMAT = dwarf;
				DEVELOPMENT_TEAM = G4MQ57TVLE;
				ENABLE_STRICT_OBJC_MSGSEND = YES;
				ENABLE_TESTABILITY = YES;
				ENABLE_USER_SCRIPT_SANDBOXING = YES;
				GCC_C_LANGUAGE_STANDARD = gnu17;
				GCC_DYNAMIC_NO_PIC = NO;
				GCC_NO_COMMON_BLOCKS = YES;
				GCC_OPTIMIZATION_LEVEL = 0;
				GCC_PREPROCESSOR_DEFINITIONS = (
					"DEBUG=1",
					"$(inherited)",
				);
				GCC_WARN_64_TO_32_BIT_CONVERSION = YES;
				GCC_WARN_ABOUT_RETURN_TYPE = YES_ERROR;
				GCC_WARN_UNDECLARED_SELECTOR = YES;
				GCC_WARN_UNINITIALIZED_AUTOS = YES_AGGRESSIVE;
				GCC_WARN_UNUSED_FUNCTION = YES;
				GCC_WARN_UNUSED_VARIABLE = YES;
				LOCALIZATION_PREFERS_STRING_CATALOGS = YES;
				MACOSX_DEPLOYMENT_TARGET = 14.6;
				MTL_ENABLE_DEBUG_INFO = INCLUDE_SOURCE;
				MTL_FAST_MATH = YES;
				ONLY_ACTIVE_ARCH = YES;
				SDKROOT = macosx;
				SWIFT_ACTIVE_COMPILATION_CONDITIONS = "DEBUG $(inherited)";
				SWIFT_OPTIMIZATION_LEVEL = "-Onone";
			};
			name = Debug;
		};
		1B02C1522E4A9FDF0085B8CB /* Release */ = {
			isa = XCBuildConfiguration;
			buildSettings = {
				ALWAYS_SEARCH_USER_PATHS = NO;
				ASSETCATALOG_COMPILER_GENERATE_SWIFT_ASSET_SYMBOL_EXTENSIONS = YES;
				CLANG_ANALYZER_NONNULL = YES;
				CLANG_ANALYZER_NUMBER_OBJECT_CONVERSION = YES_AGGRESSIVE;
				CLANG_CXX_LANGUAGE_STANDARD = "gnu++20";
				CLANG_ENABLE_MODULES = YES;
				CLANG_ENABLE_OBJC_ARC = YES;
				CLANG_ENABLE_OBJC_WEAK = YES;
				CLANG_WARN_BLOCK_CAPTURE_AUTORELEASING = YES;
				CLANG_WARN_BOOL_CONVERSION = YES;
				CLANG_WARN_COMMA = YES;
				CLANG_WARN_CONSTANT_CONVERSION = YES;
				CLANG_WARN_DEPRECATED_OBJC_IMPLEMENTATIONS = YES;
				CLANG_WARN_DIRECT_OBJC_ISA_USAGE = YES_ERROR;
				CLANG_WARN_DOCUMENTATION_COMMENTS = YES;
				CLANG_WARN_EMPTY_BODY = YES;
				CLANG_WARN_ENUM_CONVERSION = YES;
				CLANG_WARN_INFINITE_RECURSION = YES;
				CLANG_WARN_INT_CONVERSION = YES;
				CLANG_WARN_NON_LITERAL_NULL_CONVERSION = YES;
				CLANG_WARN_OBJC_IMPLICIT_RETAIN_SELF = YES;
				CLANG_WARN_OBJC_LITERAL_CONVERSION = YES;
				CLANG_WARN_OBJC_ROOT_CLASS = YES_ERROR;
				CLANG_WARN_QUOTED_INCLUDE_IN_FRAMEWORK_HEADER = YES;
				CLANG_WARN_RANGE_LOOP_ANALYSIS = YES;
				CLANG_WARN_STRICT_PROTOTYPES = YES;
				CLANG_WARN_SUSPICIOUS_MOVE = YES;
				CLANG_WARN_UNGUARDED_AVAILABILITY = YES_AGGRESSIVE;
				CLANG_WARN_UNREACHABLE_CODE = YES;
				CLANG_WARN__DUPLICATE_METHOD_MATCH = YES;
				COPY_PHASE_STRIP = NO;
				DEAD_CODE_STRIPPING = YES;
				DEBUG_INFORMATION_FORMAT = "dwarf-with-dsym";
				DEVELOPMENT_TEAM = G4MQ57TVLE;
				ENABLE_NS_ASSERTIONS = NO;
				ENABLE_STRICT_OBJC_MSGSEND = YES;
				ENABLE_USER_SCRIPT_SANDBOXING = YES;
				GCC_C_LANGUAGE_STANDARD = gnu17;
				GCC_NO_COMMON_BLOCKS = YES;
				GCC_WARN_64_TO_32_BIT_CONVERSION = YES;
				GCC_WARN_ABOUT_RETURN_TYPE = YES_ERROR;
				GCC_WARN_UNDECLARED_SELECTOR = YES;
				GCC_WARN_UNINITIALIZED_AUTOS = YES_AGGRESSIVE;
				GCC_WARN_UNUSED_FUNCTION = YES;
				GCC_WARN_UNUSED_VARIABLE = YES;
				LOCALIZATION_PREFERS_STRING_CATALOGS = YES;
				MACOSX_DEPLOYMENT_TARGET = 14.6;
				MTL_ENABLE_DEBUG_INFO = NO;
				MTL_FAST_MATH = YES;
				SDKROOT = macosx;
				SWIFT_COMPILATION_MODE = wholemodule;
			};
			name = Release;
		};
		1B02C1542E4A9FDF0085B8CB /* Debug */ = {
			isa = XCBuildConfiguration;
			buildSettings = {
				ASSETCATALOG_COMPILER_APPICON_NAME = AppIcon;
				ASSETCATALOG_COMPILER_GLOBAL_ACCENT_COLOR_NAME = AccentColor;
				CODE_SIGN_ENTITLEMENTS = IntuneLogWatch/IntuneLogWatch.entitlements;
				CODE_SIGN_STYLE = Automatic;
				COMBINE_HIDPI_IMAGES = YES;
				CURRENT_PROJECT_VERSION = 2.0.0;
				DEAD_CODE_STRIPPING = YES;
				ENABLE_HARDENED_RUNTIME = YES;
				GENERATE_INFOPLIST_FILE = YES;
				INFOPLIST_FILE = IntuneLogWatch/Info.plist;
				INFOPLIST_KEY_NSHumanReadableCopyright = "Copyright © 2025 Gil Burns";
				INFOPLIST_KEY_NSMainStoryboardFile = Main;
				INFOPLIST_KEY_NSPrincipalClass = NSApplication;
				INFOPLIST_KEY_SUFeedURL = "https://gilburns.github.io/IntuneLogWatch/appcast.xml";
				INFOPLIST_KEY_SUPublicEDKey = TO_BE_REPLACED;
				LD_RUNPATH_SEARCH_PATHS = (
					"$(inherited)",
					"@executable_path/../Frameworks",
				);
				MACOSX_DEPLOYMENT_TARGET = 14.6;
				MARKETING_VERSION = 2.0.0;
				PRODUCT_BUNDLE_IDENTIFIER = com.gilburns.IntuneLogWatch;
				PRODUCT_NAME = "$(TARGET_NAME)";
				SWIFT_EMIT_LOC_STRINGS = YES;
				SWIFT_VERSION = 5.0;
			};
			name = Debug;
		};
		1B02C1552E4A9FDF0085B8CB /* Release */ = {
			isa = XCBuildConfiguration;
			buildSettings = {
				ASSETCATALOG_COMPILER_APPICON_NAME = AppIcon;
				ASSETCATALOG_COMPILER_GLOBAL_ACCENT_COLOR_NAME = AccentColor;
				CODE_SIGN_ENTITLEMENTS = IntuneLogWatch/IntuneLogWatch.entitlements;
				CODE_SIGN_STYLE = Automatic;
				COMBINE_HIDPI_IMAGES = YES;
				CURRENT_PROJECT_VERSION = 2.0.0;
				DEAD_CODE_STRIPPING = YES;
				ENABLE_HARDENED_RUNTIME = YES;
				GENERATE_INFOPLIST_FILE = YES;
				INFOPLIST_FILE = IntuneLogWatch/Info.plist;
				INFOPLIST_KEY_NSHumanReadableCopyright = "Copyright © 2025 Gil Burns";
				INFOPLIST_KEY_NSMainStoryboardFile = Main;
				INFOPLIST_KEY_NSPrincipalClass = NSApplication;
				INFOPLIST_KEY_SUFeedURL = "https://gilburns.github.io/IntuneLogWatch/appcast.xml";
				INFOPLIST_KEY_SUPublicEDKey = TO_BE_REPLACED;
				LD_RUNPATH_SEARCH_PATHS = (
					"$(inherited)",
					"@executable_path/../Frameworks",
				);
				MACOSX_DEPLOYMENT_TARGET = 14.6;
				MARKETING_VERSION = 2.0.0;
				PRODUCT_BUNDLE_IDENTIFIER = com.gilburns.IntuneLogWatch;
				PRODUCT_NAME = "$(TARGET_NAME)";
				SWIFT_EMIT_LOC_STRINGS = YES;
				SWIFT_VERSION = 5.0;
			};
			name = Release;
		};
		1B271BB12E58A78500C85ABB /* Debug */ = {
			isa = XCBuildConfiguration;
			buildSettings = {
				CODE_SIGN_INJECT_BASE_ENTITLEMENTS = NO;
				CODE_SIGN_STYLE = Automatic;
				DEAD_CODE_STRIPPING = YES;
				ENABLE_HARDENED_RUNTIME = YES;
				MACOSX_DEPLOYMENT_TARGET = 13.5;
				PRODUCT_BUNDLE_IDENTIFIER = "com.gilburns.IntuneLogWatch-cli";
				PRODUCT_NAME = "$(TARGET_NAME)";
				SKIP_INSTALL = YES;
				SWIFT_VERSION = 5.0;
			};
			name = Debug;
		};
		1B271BB22E58A78500C85ABB /* Release */ = {
			isa = XCBuildConfiguration;
			buildSettings = {
				CODE_SIGN_INJECT_BASE_ENTITLEMENTS = NO;
				CODE_SIGN_STYLE = Automatic;
				DEAD_CODE_STRIPPING = YES;
				ENABLE_HARDENED_RUNTIME = YES;
				MACOSX_DEPLOYMENT_TARGET = 13.5;
				PRODUCT_BUNDLE_IDENTIFIER = "com.gilburns.IntuneLogWatch-cli";
				PRODUCT_NAME = "$(TARGET_NAME)";
				SKIP_INSTALL = YES;
				SWIFT_VERSION = 5.0;
			};
			name = Release;
		};
		1B35FC6E2EDD0A0200F4EE46 /* Debug */ = {
			isa = XCBuildConfiguration;
			buildSettings = {
				CODE_SIGN_ENTITLEMENTS = IntuneLogWatchQuickLook/IntuneLogWatchQuickLook.entitlements;
				CODE_SIGN_STYLE = Automatic;
				CURRENT_PROJECT_VERSION = 2.0.0;
				ENABLE_HARDENED_RUNTIME = YES;
				GENERATE_INFOPLIST_FILE = YES;
				INFOPLIST_FILE = IntuneLogWatchQuickLook/Info.plist;
				INFOPLIST_KEY_CFBundleDisplayName = IntuneLogWatchQuickLook;
				INFOPLIST_KEY_NSHumanReadableCopyright = "";
				LD_RUNPATH_SEARCH_PATHS = (
					"$(inherited)",
					"@executable_path/../Frameworks",
					"@executable_path/../../../../Frameworks",
				);
				MACOSX_DEPLOYMENT_TARGET = 15.5;
				MARKETING_VERSION = 2.0.0;
				PRODUCT_BUNDLE_IDENTIFIER = com.gilburns.IntuneLogWatch.IntuneLogWatchQuickLook;
				PRODUCT_NAME = "$(TARGET_NAME)";
				SKIP_INSTALL = YES;
				SWIFT_EMIT_LOC_STRINGS = YES;
				SWIFT_VERSION = 5.0;
			};
			name = Debug;
		};
		1B35FC6F2EDD0A0200F4EE46 /* Release */ = {
			isa = XCBuildConfiguration;
			buildSettings = {
				CODE_SIGN_ENTITLEMENTS = IntuneLogWatchQuickLook/IntuneLogWatchQuickLook.entitlements;
				CODE_SIGN_STYLE = Automatic;
				CURRENT_PROJECT_VERSION = 2.0.0;
				ENABLE_HARDENED_RUNTIME = YES;
				GENERATE_INFOPLIST_FILE = YES;
				INFOPLIST_FILE = IntuneLogWatchQuickLook/Info.plist;
				INFOPLIST_KEY_CFBundleDisplayName = IntuneLogWatchQuickLook;
				INFOPLIST_KEY_NSHumanReadableCopyright = "";
				LD_RUNPATH_SEARCH_PATHS = (
					"$(inherited)",
					"@executable_path/../Frameworks",
					"@executable_path/../../../../Frameworks",
				);
				MACOSX_DEPLOYMENT_TARGET = 15.5;
				MARKETING_VERSION = 2.0.0;
				PRODUCT_BUNDLE_IDENTIFIER = com.gilburns.IntuneLogWatch.IntuneLogWatchQuickLook;
				PRODUCT_NAME = "$(TARGET_NAME)";
				SKIP_INSTALL = YES;
				SWIFT_EMIT_LOC_STRINGS = YES;
				SWIFT_VERSION = 5.0;
			};
			name = Release;
		};
/* End XCBuildConfiguration section */

/* Begin XCConfigurationList section */
		1B02C13F2E4A9FDD0085B8CB /* Build configuration list for PBXProject "IntuneLogWatch" */ = {
			isa = XCConfigurationList;
			buildConfigurations = (
				1B02C1512E4A9FDF0085B8CB /* Debug */,
				1B02C1522E4A9FDF0085B8CB /* Release */,
			);
			defaultConfigurationIsVisible = 0;
			defaultConfigurationName = Release;
		};
		1B02C1532E4A9FDF0085B8CB /* Build configuration list for PBXNativeTarget "IntuneLogWatch" */ = {
			isa = XCConfigurationList;
			buildConfigurations = (
				1B02C1542E4A9FDF0085B8CB /* Debug */,
				1B02C1552E4A9FDF0085B8CB /* Release */,
			);
			defaultConfigurationIsVisible = 0;
			defaultConfigurationName = Release;
		};
		1B271BB02E58A78500C85ABB /* Build configuration list for PBXNativeTarget "intunelogwatch-cli" */ = {
			isa = XCConfigurationList;
			buildConfigurations = (
				1B271BB12E58A78500C85ABB /* Debug */,
				1B271BB22E58A78500C85ABB /* Release */,
			);
			defaultConfigurationIsVisible = 0;
			defaultConfigurationName = Release;
		};
		1B35FC6D2EDD0A0200F4EE46 /* Build configuration list for PBXNativeTarget "IntuneLogWatchQuickLook" */ = {
			isa = XCConfigurationList;
			buildConfigurations = (
				1B35FC6E2EDD0A0200F4EE46 /* Debug */,
				1B35FC6F2EDD0A0200F4EE46 /* Release */,
			);
			defaultConfigurationIsVisible = 0;
			defaultConfigurationName = Release;
		};
/* End XCConfigurationList section */

/* Begin XCRemoteSwiftPackageReference section */
		1B2718B82E4EAE4E00C85ABB /* XCRemoteSwiftPackageReference "Sparkle" */ = {
			isa = XCRemoteSwiftPackageReference;
			repositoryURL = "https://github.com/sparkle-project/Sparkle";
			requirement = {
				kind = upToNextMajorVersion;
				minimumVersion = 2.7.1;
			};
		};
		1B271BB92E58A86900C85ABB /* XCRemoteSwiftPackageReference "swift-argument-parser" */ = {
			isa = XCRemoteSwiftPackageReference;
			repositoryURL = "https://github.com/apple/swift-argument-parser.git";
			requirement = {
				kind = upToNextMajorVersion;
				minimumVersion = 1.6.1;
			};
		};
/* End XCRemoteSwiftPackageReference section */

/* Begin XCSwiftPackageProductDependency section */
		1B2718B92E4EAE4E00C85ABB /* Sparkle */ = {
			isa = XCSwiftPackageProductDependency;
			package = 1B2718B82E4EAE4E00C85ABB /* XCRemoteSwiftPackageReference "Sparkle" */;
			productName = Sparkle;
		};
		1B271BBA2E58A86900C85ABB /* ArgumentParser */ = {
			isa = XCSwiftPackageProductDependency;
			package = 1B271BB92E58A86900C85ABB /* XCRemoteSwiftPackageReference "swift-argument-parser" */;
			productName = ArgumentParser;
		};
/* End XCSwiftPackageProductDependency section */
	};
	rootObject = 1B02C13C2E4A9FDD0085B8CB /* Project object */;
}
